
Microsoft Visual Studio Solution File, Format Version 12.00
# Visual Studio Version 17
VisualStudioVersion = 17.8.34511.84
MinimumVisualStudioVersion = 10.0.40219.1
Project("{FAE04EC0-301F-11D3-BF4B-00C04F79EFBC}") = "MvcNetCoreEF", "MvcNetCoreEF\MvcNetCoreEF.csproj", "{057E7927-D425-46F4-8491-97DFF27CAB90}"
EndProject
Global
	GlobalSection(SolutionConfigurationPlatforms) = preSolution
		Debug|Any CPU = Debug|Any CPU
		Release|Any CPU = Release|Any CPU
	EndGlobalSection
	GlobalSection(ProjectConfigurationPlatforms) = postSolution
		{057E7927-D425-46F4-8491-97DFF27CAB90}.Debug|Any CPU.ActiveCfg = Debug|Any CPU
		{057E7927-D425-46F4-8491-97DFF27CAB90}.Debug|Any CPU.Build.0 = Debug|Any CPU
		{057E7927-D425-46F4-8491-97DFF27CAB90}.Release|Any CPU.ActiveCfg = Release|Any CPU
		{057E7927-D425-46F4-8491-97DFF27CAB90}.Release|Any CPU.Build.0 = Release|Any CPU
	EndGlobalSection
	GlobalSection(SolutionProperties) = preSolution
		HideSolutionNode = FALSE
	EndGlobalSection
	GlobalSection(ExtensibilityGlobals) = postSolution
		SolutionGuid = {792D1A91-331F-45BF-AB54-FF45CE8D48EF}
	EndGlobalSection
EndGlobal
